github.com/dryaf/templates/integrations/chi v0.0.0-20250822221651-2b72f52fe807 h1:SYhls+TZL61uSxIP0LVE5eGXBQQsSWLd7aWpwGSPZME=
github.com/dryaf/templates/integrations/chi v0.0.0-20250822221651-2b72f52fe807/go.mod h1:R7Q2NgVExkOxZXh0vfmYiNX/s+sBS5YRpVuc8ztyFsM=
github.com/dryaf/templates/integrations/chi v0.0.0-20250822223400-0fa494ee5cd0 h1:yyRVMEtyPNRlUMSdbgLm7WIYzzEJNGNpdBgdK8xyNE8=
github.com/dryaf/templates/integrations/chi v0.0.0-20250822223400-0fa494ee5cd0/go.mod h1:zsMJ8oH+Cd8UIQoc9yrOM0z0ZRCErhzNjQ5j9T1Q9Xs=
github.com/go-chi/chi/v5 v5.2.2 h1:CMwsvRVTbXVytCk1Wd72Zy1LAsAh9GxMmSNWLHCG618=
github.com/go-chi/chi/v5 v5.2.2/go.mod h1:L2yAIGWB3H+phAw1NxKwWM+7eUH/lU8pOMm5hHcoops=
github.com/google/safehtml v0.1.1-0.20250618200626-e177c9cd28ca h1:aL2qeu+iCHfixWpOTL4Utl5OiuJTwBdmZgSuNe2HpSY=
github.com/google/safehtml v0.1.1-0.20250618200626-e177c9cd28ca/go.mod h1:ses04bNFagkcb3YeHX2ozsdZyOU/Rh6mqMtwiEoLkmQ=
golang.org/x/text v0.3.3/go.mod h1:5Zoc/QRtKVWzQhOtBMvqHzDpF6irO9z98xDceosuGiQ=
golang.org/x/text v0.28.0 h1:rhazDwis8INMIwQ4tpjLDzUhx6RlXqZNPEM0huQojng=
golang.org/x/text v0.28.0/go.mod h1:U8nCwOR8jO/marOQ0QbDiOngZVEBB7MAiitBuMjXiNU=
golang.org/x/tools v0.0.0-20180917221912-90fa682c2a6e/go.mod h1:n7NCudcB/nEzxVGmLbDWY5pfWTLqBcC2KZ6jyYvM4mQ=
